
Microsoft Visual Studio Solution File, Format Version 12.00
# Visual Studio Version 17
VisualStudioVersion = 17.10.34916.146
MinimumVisualStudioVersion = 10.0.40219.1
Project("{9A19103F-16F7-4668-BE54-9A1E7A4F7556}") = "XMLSigner_Net", "PostgresSQL_Test\XMLSigner_Net.csproj", "{5448BC68-59DB-4833-8FD9-403FE4DA873D}"
EndProject
Project("{2150E333-8FDC-42A3-9474-1A3956D46DE8}") = "Tests", "Tests", "{BD923331-910F-4784-BF14-6CBEEB48809D}"
EndProject
Project("{9A19103F-16F7-4668-BE54-9A1E7A4F7556}") = "CryptoPro_Test_Net6", "CryptoPro_Test_Net6\CryptoPro_Test_Net6.csproj", "{E27F1B7C-3B36-4B69-B47E-BC4B3C11DDED}"
EndProject
Project("{2150E333-8FDC-42A3-9474-1A3956D46DE8}") = "GostCryptography", "GostCryptography", "{54B7577E-DCA1-4504-B507-487676BD3B3C}"
EndProject
Project("{9A19103F-16F7-4668-BE54-9A1E7A4F7556}") = "GostCryptographyLegacy", "GostCryptography\GostCryptographyLegacy.csproj", "{926E7238-048A-4B37-AAF2-81A2A3C278AC}"
EndProject
Project("{9A19103F-16F7-4668-BE54-9A1E7A4F7556}") = "GostCryptographyNet", "GostCryptographyNet\GostCryptographyNet.csproj", "{DD75F69A-26EE-42D4-96A0-855A8728115C}"
EndProject
Project("{FAE04EC0-301F-11D3-BF4B-00C04F79EFBC}") = "FTS_XML_CLR_Netframework", "XMLSigner_NetFramework\FTS_XML_CLR_Netframework.csproj", "{55DEF16F-1F1C-4E1A-92EA-32C564E652F6}"
EndProject
Project("{FAE04EC0-301F-11D3-BF4B-00C04F79EFBC}") = "GostSignerService", "GostSignerService\GostSignerService.csproj", "{ADB85631-FE5E-4891-B1B1-FA5B0D4058B7}"
EndProject
Project("{2150E333-8FDC-42A3-9474-1A3956D46DE8}") = "UI", "UI", "{C3FC2636-E63D-4FA3-969C-E06291660C76}"
EndProject
Project("{9A19103F-16F7-4668-BE54-9A1E7A4F7556}") = "XML_Viewer", "XML_Viewer\XML_Viewer.csproj", "{8E0BE1D3-BE4B-4881-B3A7-1428E5EA19BA}"
EndProject
Project("{FAE04EC0-301F-11D3-BF4B-00C04F79EFBC}") = "XmlFTS", "XmlFTS\XmlFTS.csproj", "{6B5456B4-EEF0-4872-9740-E5EA5A3A9A35}"
EndProject
Project("{FAE04EC0-301F-11D3-BF4B-00C04F79EFBC}") = "ConfigurationTest", "ConsoleApp1\ConfigurationTest.csproj", "{9136CD0D-4537-4959-9A5E-EB14806FE11F}"
EndProject
Project("{FAE04EC0-301F-11D3-BF4B-00C04F79EFBC}") = "FilesWatcher_Netframework", "FilesWatcher\FilesWatcher_Netframework.csproj", "{8E2FEB8E-7DCA-41F3-8A42-CA6D6665FDEE}"
EndProject
Project("{9A19103F-16F7-4668-BE54-9A1E7A4F7556}") = "FileWatcher_Net6", "FileWatcher\FileWatcher_Net6.csproj", "{6174DEF7-C593-4E13-BB8A-E73188A43EC9}"
EndProject
Project("{FAE04EC0-301F-11D3-BF4B-00C04F79EFBC}") = "BgServices", "BgServices\BgServices.csproj", "{60665A02-415B-4507-A636-01D4D97523D0}"
EndProject
Project("{FAE04EC0-301F-11D3-BF4B-00C04F79EFBC}") = "TickTestServices", "TickTestServices\TickTestServices.csproj", "{15EB54A7-12F4-4AB1-8BB1-C28F1143DA68}"
EndProject
Project("{FAE04EC0-301F-11D3-BF4B-00C04F79EFBC}") = "FileSystemWatcherMy", "FileSystemWatcherMy\FileSystemWatcherMy.csproj", "{E3E5718C-45E8-4AC6-B6F1-32D2F1DF053C}"
EndProject
Project("{FAE04EC0-301F-11D3-BF4B-00C04F79EFBC}") = "ChangeLogger", "ChangeLogger\ChangeLogger.csproj", "{417DA2BC-964F-4A53-BE66-821B09457938}"
EndProject
Project("{FAE04EC0-301F-11D3-BF4B-00C04F79EFBC}") = "ExecuteRenameXML", "ExecuteRenameXML\ExecuteRenameXML.csproj", "{4C99FF71-0284-4557-AADB-FA970C9EC540}"
EndProject
Project("{FAE04EC0-301F-11D3-BF4B-00C04F79EFBC}") = "FTS_XML_UI_Netframework", "FTS_XML_UI_Netframework\FTS_XML_UI_Netframework.csproj", "{E243D019-7849-4EB0-BBCA-7AEA4BD29D12}"
EndProject
Global
	GlobalSection(SolutionConfigurationPlatforms) = preSolution
		Debug|Any CPU = Debug|Any CPU
		Release|Any CPU = Release|Any CPU
	EndGlobalSection
	GlobalSection(ProjectConfigurationPlatforms) = postSolution
		{5448BC68-59DB-4833-8FD9-403FE4DA873D}.Debug|Any CPU.ActiveCfg = Debug|Any CPU
		{5448BC68-59DB-4833-8FD9-403FE4DA873D}.Debug|Any CPU.Build.0 = Debug|Any CPU
		{5448BC68-59DB-4833-8FD9-403FE4DA873D}.Release|Any CPU.ActiveCfg = Release|Any CPU
		{5448BC68-59DB-4833-8FD9-403FE4DA873D}.Release|Any CPU.Build.0 = Release|Any CPU
		{E27F1B7C-3B36-4B69-B47E-BC4B3C11DDED}.Debug|Any CPU.ActiveCfg = Debug|Any CPU
		{E27F1B7C-3B36-4B69-B47E-BC4B3C11DDED}.Debug|Any CPU.Build.0 = Debug|Any CPU
		{E27F1B7C-3B36-4B69-B47E-BC4B3C11DDED}.Release|Any CPU.ActiveCfg = Release|Any CPU
		{E27F1B7C-3B36-4B69-B47E-BC4B3C11DDED}.Release|Any CPU.Build.0 = Release|Any CPU
		{926E7238-048A-4B37-AAF2-81A2A3C278AC}.Debug|Any CPU.ActiveCfg = Debug|Any CPU
		{926E7238-048A-4B37-AAF2-81A2A3C278AC}.Debug|Any CPU.Build.0 = Debug|Any CPU
		{926E7238-048A-4B37-AAF2-81A2A3C278AC}.Release|Any CPU.ActiveCfg = Release|Any CPU
		{926E7238-048A-4B37-AAF2-81A2A3C278AC}.Release|Any CPU.Build.0 = Release|Any CPU
		{DD75F69A-26EE-42D4-96A0-855A8728115C}.Debug|Any CPU.ActiveCfg = Debug|Any CPU
		{DD75F69A-26EE-42D4-96A0-855A8728115C}.Debug|Any CPU.Build.0 = Debug|Any CPU
		{DD75F69A-26EE-42D4-96A0-855A8728115C}.Release|Any CPU.ActiveCfg = Release|Any CPU
		{DD75F69A-26EE-42D4-96A0-855A8728115C}.Release|Any CPU.Build.0 = Release|Any CPU
		{55DEF16F-1F1C-4E1A-92EA-32C564E652F6}.Debug|Any CPU.ActiveCfg = Debug|Any CPU
		{55DEF16F-1F1C-4E1A-92EA-32C564E652F6}.Debug|Any CPU.Build.0 = Debug|Any CPU
		{55DEF16F-1F1C-4E1A-92EA-32C564E652F6}.Release|Any CPU.ActiveCfg = Release|Any CPU
		{55DEF16F-1F1C-4E1A-92EA-32C564E652F6}.Release|Any CPU.Build.0 = Release|Any CPU
		{ADB85631-FE5E-4891-B1B1-FA5B0D4058B7}.Debug|Any CPU.ActiveCfg = Debug|Any CPU
		{ADB85631-FE5E-4891-B1B1-FA5B0D4058B7}.Debug|Any CPU.Build.0 = Debug|Any CPU
		{ADB85631-FE5E-4891-B1B1-FA5B0D4058B7}.Release|Any CPU.ActiveCfg = Release|Any CPU
		{ADB85631-FE5E-4891-B1B1-FA5B0D4058B7}.Release|Any CPU.Build.0 = Release|Any CPU
		{8E0BE1D3-BE4B-4881-B3A7-1428E5EA19BA}.Debug|Any CPU.ActiveCfg = Debug|Any CPU
		{8E0BE1D3-BE4B-4881-B3A7-1428E5EA19BA}.Debug|Any CPU.Build.0 = Debug|Any CPU
		{8E0BE1D3-BE4B-4881-B3A7-1428E5EA19BA}.Release|Any CPU.ActiveCfg = Release|Any CPU
		{8E0BE1D3-BE4B-4881-B3A7-1428E5EA19BA}.Release|Any CPU.Build.0 = Release|Any CPU
		{6B5456B4-EEF0-4872-9740-E5EA5A3A9A35}.Debug|Any CPU.ActiveCfg = Debug|Any CPU
		{6B5456B4-EEF0-4872-9740-E5EA5A3A9A35}.Debug|Any CPU.Build.0 = Debug|Any CPU
		{6B5456B4-EEF0-4872-9740-E5EA5A3A9A35}.Release|Any CPU.ActiveCfg = Release|Any CPU
		{6B5456B4-EEF0-4872-9740-E5EA5A3A9A35}.Release|Any CPU.Build.0 = Release|Any CPU
		{9136CD0D-4537-4959-9A5E-EB14806FE11F}.Debug|Any CPU.ActiveCfg = Debug|Any CPU
		{9136CD0D-4537-4959-9A5E-EB14806FE11F}.Debug|Any CPU.Build.0 = Debug|Any CPU
		{9136CD0D-4537-4959-9A5E-EB14806FE11F}.Release|Any CPU.ActiveCfg = Release|Any CPU
		{9136CD0D-4537-4959-9A5E-EB14806FE11F}.Release|Any CPU.Build.0 = Release|Any CPU
		{8E2FEB8E-7DCA-41F3-8A42-CA6D6665FDEE}.Debug|Any CPU.ActiveCfg = Debug|Any CPU
		{8E2FEB8E-7DCA-41F3-8A42-CA6D6665FDEE}.Debug|Any CPU.Build.0 = Debug|Any CPU
		{8E2FEB8E-7DCA-41F3-8A42-CA6D6665FDEE}.Release|Any CPU.ActiveCfg = Release|Any CPU
		{8E2FEB8E-7DCA-41F3-8A42-CA6D6665FDEE}.Release|Any CPU.Build.0 = Release|Any CPU
		{6174DEF7-C593-4E13-BB8A-E73188A43EC9}.Debug|Any CPU.ActiveCfg = Debug|Any CPU
		{6174DEF7-C593-4E13-BB8A-E73188A43EC9}.Debug|Any CPU.Build.0 = Debug|Any CPU
		{6174DEF7-C593-4E13-BB8A-E73188A43EC9}.Release|Any CPU.ActiveCfg = Release|Any CPU
		{6174DEF7-C593-4E13-BB8A-E73188A43EC9}.Release|Any CPU.Build.0 = Release|Any CPU
		{60665A02-415B-4507-A636-01D4D97523D0}.Debug|Any CPU.ActiveCfg = Debug|Any CPU
		{60665A02-415B-4507-A636-01D4D97523D0}.Debug|Any CPU.Build.0 = Debug|Any CPU
		{60665A02-415B-4507-A636-01D4D97523D0}.Release|Any CPU.ActiveCfg = Release|Any CPU
		{60665A02-415B-4507-A636-01D4D97523D0}.Release|Any CPU.Build.0 = Release|Any CPU
		{15EB54A7-12F4-4AB1-8BB1-C28F1143DA68}.Debug|Any CPU.ActiveCfg = Debug|Any CPU
		{15EB54A7-12F4-4AB1-8BB1-C28F1143DA68}.Debug|Any CPU.Build.0 = Debug|Any CPU
		{15EB54A7-12F4-4AB1-8BB1-C28F1143DA68}.Release|Any CPU.ActiveCfg = Release|Any CPU
		{15EB54A7-12F4-4AB1-8BB1-C28F1143DA68}.Release|Any CPU.Build.0 = Release|Any CPU
		{E3E5718C-45E8-4AC6-B6F1-32D2F1DF053C}.Debug|Any CPU.ActiveCfg = Debug|Any CPU
		{E3E5718C-45E8-4AC6-B6F1-32D2F1DF053C}.Debug|Any CPU.Build.0 = Debug|Any CPU
		{E3E5718C-45E8-4AC6-B6F1-32D2F1DF053C}.Release|Any CPU.ActiveCfg = Release|Any CPU
		{E3E5718C-45E8-4AC6-B6F1-32D2F1DF053C}.Release|Any CPU.Build.0 = Release|Any CPU
		{417DA2BC-964F-4A53-BE66-821B09457938}.Debug|Any CPU.ActiveCfg = Debug|Any CPU
		{417DA2BC-964F-4A53-BE66-821B09457938}.Debug|Any CPU.Build.0 = Debug|Any CPU
		{417DA2BC-964F-4A53-BE66-821B09457938}.Release|Any CPU.ActiveCfg = Release|Any CPU
		{417DA2BC-964F-4A53-BE66-821B09457938}.Release|Any CPU.Build.0 = Release|Any CPU
		{4C99FF71-0284-4557-AADB-FA970C9EC540}.Debug|Any CPU.ActiveCfg = Debug|Any CPU
		{4C99FF71-0284-4557-AADB-FA970C9EC540}.Debug|Any CPU.Build.0 = Debug|Any CPU
		{4C99FF71-0284-4557-AADB-FA970C9EC540}.Release|Any CPU.ActiveCfg = Release|Any CPU
		{4C99FF71-0284-4557-AADB-FA970C9EC540}.Release|Any CPU.Build.0 = Release|Any CPU
		{E243D019-7849-4EB0-BBCA-7AEA4BD29D12}.Debug|Any CPU.ActiveCfg = Debug|Any CPU
		{E243D019-7849-4EB0-BBCA-7AEA4BD29D12}.Debug|Any CPU.Build.0 = Debug|Any CPU
		{E243D019-7849-4EB0-BBCA-7AEA4BD29D12}.Release|Any CPU.ActiveCfg = Release|Any CPU
		{E243D019-7849-4EB0-BBCA-7AEA4BD29D12}.Release|Any CPU.Build.0 = Release|Any CPU
	EndGlobalSection
	GlobalSection(SolutionProperties) = preSolution
		HideSolutionNode = FALSE
	EndGlobalSection
	GlobalSection(NestedProjects) = preSolution
		{5448BC68-59DB-4833-8FD9-403FE4DA873D} = {C3FC2636-E63D-4FA3-969C-E06291660C76}
		{E27F1B7C-3B36-4B69-B47E-BC4B3C11DDED} = {54B7577E-DCA1-4504-B507-487676BD3B3C}
		{926E7238-048A-4B37-AAF2-81A2A3C278AC} = {54B7577E-DCA1-4504-B507-487676BD3B3C}
		{DD75F69A-26EE-42D4-96A0-855A8728115C} = {54B7577E-DCA1-4504-B507-487676BD3B3C}
		{ADB85631-FE5E-4891-B1B1-FA5B0D4058B7} = {C3FC2636-E63D-4FA3-969C-E06291660C76}
		{8E0BE1D3-BE4B-4881-B3A7-1428E5EA19BA} = {C3FC2636-E63D-4FA3-969C-E06291660C76}
		{9136CD0D-4537-4959-9A5E-EB14806FE11F} = {BD923331-910F-4784-BF14-6CBEEB48809D}
		{8E2FEB8E-7DCA-41F3-8A42-CA6D6665FDEE} = {BD923331-910F-4784-BF14-6CBEEB48809D}
		{6174DEF7-C593-4E13-BB8A-E73188A43EC9} = {BD923331-910F-4784-BF14-6CBEEB48809D}
		{60665A02-415B-4507-A636-01D4D97523D0} = {BD923331-910F-4784-BF14-6CBEEB48809D}
		{15EB54A7-12F4-4AB1-8BB1-C28F1143DA68} = {BD923331-910F-4784-BF14-6CBEEB48809D}
		{E3E5718C-45E8-4AC6-B6F1-32D2F1DF053C} = {BD923331-910F-4784-BF14-6CBEEB48809D}
		{417DA2BC-964F-4A53-BE66-821B09457938} = {BD923331-910F-4784-BF14-6CBEEB48809D}
		{4C99FF71-0284-4557-AADB-FA970C9EC540} = {BD923331-910F-4784-BF14-6CBEEB48809D}
	EndGlobalSection
	GlobalSection(ExtensibilityGlobals) = postSolution
		SolutionGuid = {CC034BBC-14CD-404E-946C-0EFA12833581}
	EndGlobalSection
EndGlobal
