
Microsoft Visual Studio Solution File, Format Version 12.00
# Visual Studio Version 17
VisualStudioVersion = 17.10.34916.146
MinimumVisualStudioVersion = 10.0.40219.1
Project("{9A19103F-16F7-4668-BE54-9A1E7A4F7556}") = "XMLSigner_Net", "PostgresSQL_Test\XMLSigner_Net.csproj", "{5448BC68-59DB-4833-8FD9-403FE4DA873D}"
EndProject
Project("{2150E333-8FDC-42A3-9474-1A3956D46DE8}") = "Tests", "Tests", "{BD923331-910F-4784-BF14-6CBEEB48809D}"
EndProject
Project("{9A19103F-16F7-4668-BE54-9A1E7A4F7556}") = "RegextMatches", "RegextMatches\RegextMatches.csproj", "{A41E449E-CB83-4BCB-9F6F-76108F67A12C}"
EndProject
Project("{9A19103F-16F7-4668-BE54-9A1E7A4F7556}") = "XML_Test", "XML_Test\XML_Test.csproj", "{5FBB4AD4-1C76-47D3-B8D8-554E65FED2B3}"
EndProject
Project("{9A19103F-16F7-4668-BE54-9A1E7A4F7556}") = "ILogs_Test", "ILogs_Test\ILogs_Test.csproj", "{3CF52ADD-5F46-4B1D-8876-D4D618F3B57E}"
EndProject
Project("{9A19103F-16F7-4668-BE54-9A1E7A4F7556}") = "ConvertedCode", "ConvertedCode\ConvertedCode.csproj", "{9E8084B3-E867-4685-A8CE-EE9F33F02E84}"
EndProject
Project("{9A19103F-16F7-4668-BE54-9A1E7A4F7556}") = "CryptoPro_Test_Net6", "CryptoPro_Test_Net6\CryptoPro_Test_Net6.csproj", "{E27F1B7C-3B36-4B69-B47E-BC4B3C11DDED}"
EndProject
Project("{2150E333-8FDC-42A3-9474-1A3956D46DE8}") = "GostCryptography", "GostCryptography", "{54B7577E-DCA1-4504-B507-487676BD3B3C}"
EndProject
Project("{9A19103F-16F7-4668-BE54-9A1E7A4F7556}") = "GostCryptographyLegacy", "GostCryptography\GostCryptographyLegacy.csproj", "{926E7238-048A-4B37-AAF2-81A2A3C278AC}"
EndProject
Project("{9A19103F-16F7-4668-BE54-9A1E7A4F7556}") = "GostCryptographyNet", "GostCryptographyNet\GostCryptographyNet.csproj", "{DD75F69A-26EE-42D4-96A0-855A8728115C}"
EndProject
Project("{FAE04EC0-301F-11D3-BF4B-00C04F79EFBC}") = "XMLSigner_NetFramework", "XMLSigner_NetFramework\XMLSigner_NetFramework.csproj", "{55DEF16F-1F1C-4E1A-92EA-32C564E652F6}"
EndProject
Project("{FAE04EC0-301F-11D3-BF4B-00C04F79EFBC}") = "GostSignerService", "GostSignerService\GostSignerService.csproj", "{ADB85631-FE5E-4891-B1B1-FA5B0D4058B7}"
EndProject
Project("{FAE04EC0-301F-11D3-BF4B-00C04F79EFBC}") = "XML_test_netframework", "XML_test_netframework\XML_test_netframework.csproj", "{E6D73FA7-4365-4DD6-9ACB-90D94E0CEB89}"
EndProject
Project("{FAE04EC0-301F-11D3-BF4B-00C04F79EFBC}") = "EnvelopeSerilize", "EnvelopeSerilize\EnvelopeSerilize.csproj", "{3631635D-8CA0-4700-AF46-80AD211B5B62}"
EndProject
Project("{FAE04EC0-301F-11D3-BF4B-00C04F79EFBC}") = "Xpath_XML", "Xpath_XML\Xpath_XML.csproj", "{55399794-5062-4A05-8312-34F35D024CC4}"
EndProject
Global
	GlobalSection(SolutionConfigurationPlatforms) = preSolution
		Debug|Any CPU = Debug|Any CPU
		Release|Any CPU = Release|Any CPU
	EndGlobalSection
	GlobalSection(ProjectConfigurationPlatforms) = postSolution
		{5448BC68-59DB-4833-8FD9-403FE4DA873D}.Debug|Any CPU.ActiveCfg = Debug|Any CPU
		{5448BC68-59DB-4833-8FD9-403FE4DA873D}.Debug|Any CPU.Build.0 = Debug|Any CPU
		{5448BC68-59DB-4833-8FD9-403FE4DA873D}.Release|Any CPU.ActiveCfg = Release|Any CPU
		{5448BC68-59DB-4833-8FD9-403FE4DA873D}.Release|Any CPU.Build.0 = Release|Any CPU
		{A41E449E-CB83-4BCB-9F6F-76108F67A12C}.Debug|Any CPU.ActiveCfg = Debug|Any CPU
		{A41E449E-CB83-4BCB-9F6F-76108F67A12C}.Debug|Any CPU.Build.0 = Debug|Any CPU
		{A41E449E-CB83-4BCB-9F6F-76108F67A12C}.Release|Any CPU.ActiveCfg = Release|Any CPU
		{A41E449E-CB83-4BCB-9F6F-76108F67A12C}.Release|Any CPU.Build.0 = Release|Any CPU
		{5FBB4AD4-1C76-47D3-B8D8-554E65FED2B3}.Debug|Any CPU.ActiveCfg = Debug|Any CPU
		{5FBB4AD4-1C76-47D3-B8D8-554E65FED2B3}.Debug|Any CPU.Build.0 = Debug|Any CPU
		{5FBB4AD4-1C76-47D3-B8D8-554E65FED2B3}.Release|Any CPU.ActiveCfg = Release|Any CPU
		{5FBB4AD4-1C76-47D3-B8D8-554E65FED2B3}.Release|Any CPU.Build.0 = Release|Any CPU
		{3CF52ADD-5F46-4B1D-8876-D4D618F3B57E}.Debug|Any CPU.ActiveCfg = Debug|Any CPU
		{3CF52ADD-5F46-4B1D-8876-D4D618F3B57E}.Debug|Any CPU.Build.0 = Debug|Any CPU
		{3CF52ADD-5F46-4B1D-8876-D4D618F3B57E}.Release|Any CPU.ActiveCfg = Release|Any CPU
		{3CF52ADD-5F46-4B1D-8876-D4D618F3B57E}.Release|Any CPU.Build.0 = Release|Any CPU
		{9E8084B3-E867-4685-A8CE-EE9F33F02E84}.Debug|Any CPU.ActiveCfg = Debug|Any CPU
		{9E8084B3-E867-4685-A8CE-EE9F33F02E84}.Debug|Any CPU.Build.0 = Debug|Any CPU
		{9E8084B3-E867-4685-A8CE-EE9F33F02E84}.Release|Any CPU.ActiveCfg = Release|Any CPU
		{9E8084B3-E867-4685-A8CE-EE9F33F02E84}.Release|Any CPU.Build.0 = Release|Any CPU
		{E27F1B7C-3B36-4B69-B47E-BC4B3C11DDED}.Debug|Any CPU.ActiveCfg = Debug|Any CPU
		{E27F1B7C-3B36-4B69-B47E-BC4B3C11DDED}.Debug|Any CPU.Build.0 = Debug|Any CPU
		{E27F1B7C-3B36-4B69-B47E-BC4B3C11DDED}.Release|Any CPU.ActiveCfg = Release|Any CPU
		{E27F1B7C-3B36-4B69-B47E-BC4B3C11DDED}.Release|Any CPU.Build.0 = Release|Any CPU
		{926E7238-048A-4B37-AAF2-81A2A3C278AC}.Debug|Any CPU.ActiveCfg = Debug|Any CPU
		{926E7238-048A-4B37-AAF2-81A2A3C278AC}.Debug|Any CPU.Build.0 = Debug|Any CPU
		{926E7238-048A-4B37-AAF2-81A2A3C278AC}.Release|Any CPU.ActiveCfg = Release|Any CPU
		{926E7238-048A-4B37-AAF2-81A2A3C278AC}.Release|Any CPU.Build.0 = Release|Any CPU
		{DD75F69A-26EE-42D4-96A0-855A8728115C}.Debug|Any CPU.ActiveCfg = Debug|Any CPU
		{DD75F69A-26EE-42D4-96A0-855A8728115C}.Debug|Any CPU.Build.0 = Debug|Any CPU
		{DD75F69A-26EE-42D4-96A0-855A8728115C}.Release|Any CPU.ActiveCfg = Release|Any CPU
		{DD75F69A-26EE-42D4-96A0-855A8728115C}.Release|Any CPU.Build.0 = Release|Any CPU
		{55DEF16F-1F1C-4E1A-92EA-32C564E652F6}.Debug|Any CPU.ActiveCfg = Debug|Any CPU
		{55DEF16F-1F1C-4E1A-92EA-32C564E652F6}.Debug|Any CPU.Build.0 = Debug|Any CPU
		{55DEF16F-1F1C-4E1A-92EA-32C564E652F6}.Release|Any CPU.ActiveCfg = Release|Any CPU
		{55DEF16F-1F1C-4E1A-92EA-32C564E652F6}.Release|Any CPU.Build.0 = Release|Any CPU
		{ADB85631-FE5E-4891-B1B1-FA5B0D4058B7}.Debug|Any CPU.ActiveCfg = Debug|Any CPU
		{ADB85631-FE5E-4891-B1B1-FA5B0D4058B7}.Debug|Any CPU.Build.0 = Debug|Any CPU
		{ADB85631-FE5E-4891-B1B1-FA5B0D4058B7}.Release|Any CPU.ActiveCfg = Release|Any CPU
		{ADB85631-FE5E-4891-B1B1-FA5B0D4058B7}.Release|Any CPU.Build.0 = Release|Any CPU
		{E6D73FA7-4365-4DD6-9ACB-90D94E0CEB89}.Debug|Any CPU.ActiveCfg = Debug|Any CPU
		{E6D73FA7-4365-4DD6-9ACB-90D94E0CEB89}.Debug|Any CPU.Build.0 = Debug|Any CPU
		{E6D73FA7-4365-4DD6-9ACB-90D94E0CEB89}.Release|Any CPU.ActiveCfg = Release|Any CPU
		{E6D73FA7-4365-4DD6-9ACB-90D94E0CEB89}.Release|Any CPU.Build.0 = Release|Any CPU
		{3631635D-8CA0-4700-AF46-80AD211B5B62}.Debug|Any CPU.ActiveCfg = Debug|Any CPU
		{3631635D-8CA0-4700-AF46-80AD211B5B62}.Debug|Any CPU.Build.0 = Debug|Any CPU
		{3631635D-8CA0-4700-AF46-80AD211B5B62}.Release|Any CPU.ActiveCfg = Release|Any CPU
		{3631635D-8CA0-4700-AF46-80AD211B5B62}.Release|Any CPU.Build.0 = Release|Any CPU
		{55399794-5062-4A05-8312-34F35D024CC4}.Debug|Any CPU.ActiveCfg = Debug|Any CPU
		{55399794-5062-4A05-8312-34F35D024CC4}.Debug|Any CPU.Build.0 = Debug|Any CPU
		{55399794-5062-4A05-8312-34F35D024CC4}.Release|Any CPU.ActiveCfg = Release|Any CPU
		{55399794-5062-4A05-8312-34F35D024CC4}.Release|Any CPU.Build.0 = Release|Any CPU
	EndGlobalSection
	GlobalSection(SolutionProperties) = preSolution
		HideSolutionNode = FALSE
	EndGlobalSection
	GlobalSection(NestedProjects) = preSolution
		{A41E449E-CB83-4BCB-9F6F-76108F67A12C} = {BD923331-910F-4784-BF14-6CBEEB48809D}
		{5FBB4AD4-1C76-47D3-B8D8-554E65FED2B3} = {BD923331-910F-4784-BF14-6CBEEB48809D}
		{3CF52ADD-5F46-4B1D-8876-D4D618F3B57E} = {BD923331-910F-4784-BF14-6CBEEB48809D}
		{9E8084B3-E867-4685-A8CE-EE9F33F02E84} = {BD923331-910F-4784-BF14-6CBEEB48809D}
		{E27F1B7C-3B36-4B69-B47E-BC4B3C11DDED} = {BD923331-910F-4784-BF14-6CBEEB48809D}
		{926E7238-048A-4B37-AAF2-81A2A3C278AC} = {54B7577E-DCA1-4504-B507-487676BD3B3C}
		{DD75F69A-26EE-42D4-96A0-855A8728115C} = {54B7577E-DCA1-4504-B507-487676BD3B3C}
		{E6D73FA7-4365-4DD6-9ACB-90D94E0CEB89} = {BD923331-910F-4784-BF14-6CBEEB48809D}
		{3631635D-8CA0-4700-AF46-80AD211B5B62} = {BD923331-910F-4784-BF14-6CBEEB48809D}
		{55399794-5062-4A05-8312-34F35D024CC4} = {BD923331-910F-4784-BF14-6CBEEB48809D}
	EndGlobalSection
	GlobalSection(ExtensibilityGlobals) = postSolution
		SolutionGuid = {CC034BBC-14CD-404E-946C-0EFA12833581}
	EndGlobalSection
EndGlobal
